
Microsoft Visual Studio Solution File, Format Version 12.00
# Visual Studio 14
VisualStudioVersion = 14.0.25420.1
MinimumVisualStudioVersion = 10.0.40219.1
Project("{FAE04EC0-301F-11D3-BF4B-00C04F79EFBC}") = "HLABigChannel", "HLABigChannel\HLABigChannel.csproj", "{5D2910D8-B05D-43BF-BC95-2FB4028C8A11}"
EndProject
Project("{FAE04EC0-301F-11D3-BF4B-00C04F79EFBC}") = "HLACommonLib", "HLACommonLib\HLACommonLib.csproj", "{E936AA4C-E048-49EB-8755-4827453D1B10}"
EndProject
Project("{FAE04EC0-301F-11D3-BF4B-00C04F79EFBC}") = "HLACommonView", "HLACommonView\HLACommonView.csproj", "{65902545-3D81-4490-8A17-7AEF8E94293A}"
EndProject
Project("{FAE04EC0-301F-11D3-BF4B-00C04F79EFBC}") = "HLAManualDownload", "HLAManualDownload\HLAManualDownload.csproj", "{DD234604-E15D-4AD8-ACA0-9771F9822B1D}"
EndProject
Project("{FAE04EC0-301F-11D3-BF4B-00C04F79EFBC}") = "HLAYKChannelMachine", "HLAYKChannelMachine\HLAYKChannelMachine.csproj", "{6C01496A-8EAF-4E00-B5F3-51BD58700737}"
EndProject
Project("{FAE04EC0-301F-11D3-BF4B-00C04F79EFBC}") = "HLABoxCheckChannelMachine", "HLABoxCheckChannelMachine\HLABoxCheckChannelMachine.csproj", "{F5D0D0C8-26DD-4707-A513-904C607F60D6}"
EndProject
Project("{FAE04EC0-301F-11D3-BF4B-00C04F79EFBC}") = "HLAChannelMachine", "HLAChannelMachine\HLAChannelMachine.csproj", "{65BA8E83-6E2A-411B-8D1B-9F00627370AB}"
EndProject
Project("{FAE04EC0-301F-11D3-BF4B-00C04F79EFBC}") = "HLAEBReceiveChannelMachine", "HLAEBReceiveChannelMachine\HLAEBReceiveChannelMachine.csproj", "{15A245AD-EC02-481B-B558-DCC4D7B7D41E}"
EndProject
Project("{FAE04EC0-301F-11D3-BF4B-00C04F79EFBC}") = "HLAPackingBoxChannelMachine", "HLAPackingBoxChannelMachine\HLAPackingBoxChannelMachine.csproj", "{DE01A980-4519-40D3-84EA-9A9BD9C81F2B}"
EndProject
Project("{FAE04EC0-301F-11D3-BF4B-00C04F79EFBC}") = "HLACancelCheckChannelMachine", "HLACancelCheckChannelMachine\HLACancelCheckChannelMachine.csproj", "{F8140D7B-DBFC-43A1-85B0-C2A671AEA483}"
EndProject
Project("{FAE04EC0-301F-11D3-BF4B-00C04F79EFBC}") = "HLAJiaoJieCheckChannelMachine", "HLAJiaoJieCheckChannelMachine\HLAJiaoJieCheckChannelMachine.csproj", "{B024C0A7-7EF8-48DB-A42F-EB318F8A2DE5}"
EndProject
Project("{FAE04EC0-301F-11D3-BF4B-00C04F79EFBC}") = "HLAPKJieHuoChannelMachine", "HLAPKJieHuoChannelMachine\HLAPKJieHuoChannelMachine.csproj", "{E7F59048-976C-45EE-A82F-20C0ADE7927D}"
EndProject
Project("{FAE04EC0-301F-11D3-BF4B-00C04F79EFBC}") = "HLAPKChannelMachine", "HLAPKChannelMachine\HLAPKChannelMachine.csproj", "{B4FA8745-B94F-43B4-82C5-31CF3B694692}"
EndProject
Project("{FAE04EC0-301F-11D3-BF4B-00C04F79EFBC}") = "HLAAutoDownload", "HLAAutoDownload\HLAAutoDownload.csproj", "{78AABBF0-2CDC-42D4-9297-F6BAB618CF0B}"
EndProject
Project("{FAE04EC0-301F-11D3-BF4B-00C04F79EFBC}") = "HLAAutoDownloadAJT", "HLAAutoDownloadAJT\HLAAutoDownloadAJT.csproj", "{688C187E-378B-4A8C-BCF9-1BD5C20F4A69}"
EndProject
Project("{FAE04EC0-301F-11D3-BF4B-00C04F79EFBC}") = "HLAZZZTest", "HLAZZZTest\HLAZZZTest.csproj", "{F017FF60-34BB-4D22-AFD2-6992DADE5576}"
EndProject
Project("{FAE04EC0-301F-11D3-BF4B-00C04F79EFBC}") = "HLABigData", "HLABigData\HLABigData.csproj", "{553BE8BA-E711-4794-AF75-F6D34AFCCA2D}"
EndProject
Project("{FAE04EC0-301F-11D3-BF4B-00C04F79EFBC}") = "HLAPKChannelMachinePM", "HLAPKChannelMachinePM\HLAPKChannelMachinePM.csproj", "{456D30D0-A252-4CA0-9B1F-D887B6165A9F}"
EndProject
Project("{FAE04EC0-301F-11D3-BF4B-00C04F79EFBC}") = "ReadAsync", "ReadAsync\ReadAsync.csproj", "{B3C83859-F3F5-495E-AF96-701B1EF8148A}"
EndProject
Project("{FAE04EC0-301F-11D3-BF4B-00C04F79EFBC}") = "HLADLXTestChannelMachine", "HLADLXTestChannelMachine\HLADLXTestChannelMachine.csproj", "{D2CCA1B6-76A0-42A0-AF42-39D22B11AD44}"
EndProject
Project("{FAE04EC0-301F-11D3-BF4B-00C04F79EFBC}") = "HLABigChannelPM", "HLABigChannelPM\HLABigChannelPM.csproj", "{D3EBC8C6-0D11-4B5D-9062-458A647CE8FB}"
EndProject
Project("{FAE04EC0-301F-11D3-BF4B-00C04F79EFBC}") = "HLAToolsPM", "HLAToolsPM\HLAToolsPM.csproj", "{FC2B96BE-19D7-49F3-BBFB-A841179120C4}"
EndProject
Project("{FAE04EC0-301F-11D3-BF4B-00C04F79EFBC}") = "HLACancelCheckChannelMachinePM", "HLACancelCheckChannelMachinePM\HLACancelCheckChannelMachinePM.csproj", "{235D4E27-2EDF-4297-97EC-5EFD87A2EE3F}"
EndProject
Project("{FAE04EC0-301F-11D3-BF4B-00C04F79EFBC}") = "HLAChannelMachinePM", "HLAChannelMachinePM\HLAChannelMachinePM.csproj", "{34953D90-9E3F-4A20-9704-2F5CAA6495F0}"
EndProject
Project("{FAE04EC0-301F-11D3-BF4B-00C04F79EFBC}") = "HLADianShangCheckChannelMachine", "HLADianShangCheckChannelMachine\HLADianShangCheckChannelMachine.csproj", "{C1791E2D-DD9F-4F15-A3AB-00C446588D6F}"
EndProject
Project("{FAE04EC0-301F-11D3-BF4B-00C04F79EFBC}") = "HLAWriteTagChannelMachine", "HLAWriteTagChannelMachine\HLAWriteTagChannelMachine.csproj", "{169BF29B-1FAF-4C87-BA03-8E880484C57F}"
EndProject
Project("{FAE04EC0-301F-11D3-BF4B-00C04F79EFBC}") = "HLAPKCheckChannelMachinePM", "HLAPKCheckChannelMachinePM\HLAPKCheckChannelMachinePM.csproj", "{8B0FD138-B3D0-4079-A703-E6C430944CDD}"
EndProject
Project("{FAE04EC0-301F-11D3-BF4B-00C04F79EFBC}") = "HLADianShangOutCheckChannelMachine", "HLADianShangOutCheckChannelMachine\HLADianShangOutCheckChannelMachine.csproj", "{37C9E34B-B4C0-4FEF-A277-67E824A4D365}"
EndProject
Project("{FAE04EC0-301F-11D3-BF4B-00C04F79EFBC}") = "HLADLXTestIPJChannelMachine", "HLADLXTestIPJChannelMachine\HLADLXTestIPJChannelMachine.csproj", "{ABA02804-0794-4F49-8B55-FA0494C5DC38}"
EndProject
Global
	GlobalSection(SolutionConfigurationPlatforms) = preSolution
		Debug|Any CPU = Debug|Any CPU
		Debug|x64 = Debug|x64
		Debug|x86 = Debug|x86
		Release|Any CPU = Release|Any CPU
		Release|x64 = Release|x64
		Release|x86 = Release|x86
	EndGlobalSection
	GlobalSection(ProjectConfigurationPlatforms) = postSolution
		{5D2910D8-B05D-43BF-BC95-2FB4028C8A11}.Debug|Any CPU.ActiveCfg = Debug|x86
		{5D2910D8-B05D-43BF-BC95-2FB4028C8A11}.Debug|Any CPU.Build.0 = Debug|x86
		{5D2910D8-B05D-43BF-BC95-2FB4028C8A11}.Debug|x64.ActiveCfg = Debug|x86
		{5D2910D8-B05D-43BF-BC95-2FB4028C8A11}.Debug|x64.Build.0 = Debug|x86
		{5D2910D8-B05D-43BF-BC95-2FB4028C8A11}.Debug|x86.ActiveCfg = Debug|x86
		{5D2910D8-B05D-43BF-BC95-2FB4028C8A11}.Debug|x86.Build.0 = Debug|x86
		{5D2910D8-B05D-43BF-BC95-2FB4028C8A11}.Release|Any CPU.ActiveCfg = Release|Any CPU
		{5D2910D8-B05D-43BF-BC95-2FB4028C8A11}.Release|Any CPU.Build.0 = Release|Any CPU
		{5D2910D8-B05D-43BF-BC95-2FB4028C8A11}.Release|x64.ActiveCfg = Release|Any CPU
		{5D2910D8-B05D-43BF-BC95-2FB4028C8A11}.Release|x64.Build.0 = Release|Any CPU
		{5D2910D8-B05D-43BF-BC95-2FB4028C8A11}.Release|x86.ActiveCfg = Release|x86
		{5D2910D8-B05D-43BF-BC95-2FB4028C8A11}.Release|x86.Build.0 = Release|x86
		{E936AA4C-E048-49EB-8755-4827453D1B10}.Debug|Any CPU.ActiveCfg = Debug|x86
		{E936AA4C-E048-49EB-8755-4827453D1B10}.Debug|Any CPU.Build.0 = Debug|x86
		{E936AA4C-E048-49EB-8755-4827453D1B10}.Debug|x64.ActiveCfg = Debug|x86
		{E936AA4C-E048-49EB-8755-4827453D1B10}.Debug|x64.Build.0 = Debug|x86
		{E936AA4C-E048-49EB-8755-4827453D1B10}.Debug|x86.ActiveCfg = Debug|x86
		{E936AA4C-E048-49EB-8755-4827453D1B10}.Debug|x86.Build.0 = Debug|x86
		{E936AA4C-E048-49EB-8755-4827453D1B10}.Release|Any CPU.ActiveCfg = Release|Any CPU
		{E936AA4C-E048-49EB-8755-4827453D1B10}.Release|Any CPU.Build.0 = Release|Any CPU
		{E936AA4C-E048-49EB-8755-4827453D1B10}.Release|x64.ActiveCfg = Release|Any CPU
		{E936AA4C-E048-49EB-8755-4827453D1B10}.Release|x64.Build.0 = Release|Any CPU
		{E936AA4C-E048-49EB-8755-4827453D1B10}.Release|x86.ActiveCfg = Release|x86
		{E936AA4C-E048-49EB-8755-4827453D1B10}.Release|x86.Build.0 = Release|x86
		{65902545-3D81-4490-8A17-7AEF8E94293A}.Debug|Any CPU.ActiveCfg = Debug|x86
		{65902545-3D81-4490-8A17-7AEF8E94293A}.Debug|Any CPU.Build.0 = Debug|x86
		{65902545-3D81-4490-8A17-7AEF8E94293A}.Debug|x64.ActiveCfg = Debug|x86
		{65902545-3D81-4490-8A17-7AEF8E94293A}.Debug|x64.Build.0 = Debug|x86
		{65902545-3D81-4490-8A17-7AEF8E94293A}.Debug|x86.ActiveCfg = Debug|x86
		{65902545-3D81-4490-8A17-7AEF8E94293A}.Debug|x86.Build.0 = Debug|x86
		{65902545-3D81-4490-8A17-7AEF8E94293A}.Release|Any CPU.ActiveCfg = Release|Any CPU
		{65902545-3D81-4490-8A17-7AEF8E94293A}.Release|Any CPU.Build.0 = Release|Any CPU
		{65902545-3D81-4490-8A17-7AEF8E94293A}.Release|x64.ActiveCfg = Release|Any CPU
		{65902545-3D81-4490-8A17-7AEF8E94293A}.Release|x64.Build.0 = Release|Any CPU
		{65902545-3D81-4490-8A17-7AEF8E94293A}.Release|x86.ActiveCfg = Release|x86
		{65902545-3D81-4490-8A17-7AEF8E94293A}.Release|x86.Build.0 = Release|x86
		{DD234604-E15D-4AD8-ACA0-9771F9822B1D}.Debug|Any CPU.ActiveCfg = Debug|Any CPU
		{DD234604-E15D-4AD8-ACA0-9771F9822B1D}.Debug|Any CPU.Build.0 = Debug|Any CPU
		{DD234604-E15D-4AD8-ACA0-9771F9822B1D}.Debug|x64.ActiveCfg = Debug|Any CPU
		{DD234604-E15D-4AD8-ACA0-9771F9822B1D}.Debug|x64.Build.0 = Debug|Any CPU
		{DD234604-E15D-4AD8-ACA0-9771F9822B1D}.Debug|x86.ActiveCfg = Debug|x86
		{DD234604-E15D-4AD8-ACA0-9771F9822B1D}.Debug|x86.Build.0 = Debug|x86
		{DD234604-E15D-4AD8-ACA0-9771F9822B1D}.Release|Any CPU.ActiveCfg = Release|Any CPU
		{DD234604-E15D-4AD8-ACA0-9771F9822B1D}.Release|Any CPU.Build.0 = Release|Any CPU
		{DD234604-E15D-4AD8-ACA0-9771F9822B1D}.Release|x64.ActiveCfg = Release|Any CPU
		{DD234604-E15D-4AD8-ACA0-9771F9822B1D}.Release|x64.Build.0 = Release|Any CPU
		{DD234604-E15D-4AD8-ACA0-9771F9822B1D}.Release|x86.ActiveCfg = Release|x86
		{DD234604-E15D-4AD8-ACA0-9771F9822B1D}.Release|x86.Build.0 = Release|x86
		{6C01496A-8EAF-4E00-B5F3-51BD58700737}.Debug|Any CPU.ActiveCfg = Debug|Any CPU
		{6C01496A-8EAF-4E00-B5F3-51BD58700737}.Debug|Any CPU.Build.0 = Debug|Any CPU
		{6C01496A-8EAF-4E00-B5F3-51BD58700737}.Debug|x64.ActiveCfg = Debug|Any CPU
		{6C01496A-8EAF-4E00-B5F3-51BD58700737}.Debug|x64.Build.0 = Debug|Any CPU
		{6C01496A-8EAF-4E00-B5F3-51BD58700737}.Debug|x86.ActiveCfg = Debug|x86
		{6C01496A-8EAF-4E00-B5F3-51BD58700737}.Debug|x86.Build.0 = Debug|x86
		{6C01496A-8EAF-4E00-B5F3-51BD58700737}.Release|Any CPU.ActiveCfg = Release|Any CPU
		{6C01496A-8EAF-4E00-B5F3-51BD58700737}.Release|Any CPU.Build.0 = Release|Any CPU
		{6C01496A-8EAF-4E00-B5F3-51BD58700737}.Release|x64.ActiveCfg = Release|Any CPU
		{6C01496A-8EAF-4E00-B5F3-51BD58700737}.Release|x64.Build.0 = Release|Any CPU
		{6C01496A-8EAF-4E00-B5F3-51BD58700737}.Release|x86.ActiveCfg = Release|x86
		{6C01496A-8EAF-4E00-B5F3-51BD58700737}.Release|x86.Build.0 = Release|x86
		{F5D0D0C8-26DD-4707-A513-904C607F60D6}.Debug|Any CPU.ActiveCfg = Debug|Any CPU
		{F5D0D0C8-26DD-4707-A513-904C607F60D6}.Debug|Any CPU.Build.0 = Debug|Any CPU
		{F5D0D0C8-26DD-4707-A513-904C607F60D6}.Debug|x64.ActiveCfg = Debug|Any CPU
		{F5D0D0C8-26DD-4707-A513-904C607F60D6}.Debug|x64.Build.0 = Debug|Any CPU
		{F5D0D0C8-26DD-4707-A513-904C607F60D6}.Debug|x86.ActiveCfg = Debug|x86
		{F5D0D0C8-26DD-4707-A513-904C607F60D6}.Debug|x86.Build.0 = Debug|x86
		{F5D0D0C8-26DD-4707-A513-904C607F60D6}.Release|Any CPU.ActiveCfg = Release|Any CPU
		{F5D0D0C8-26DD-4707-A513-904C607F60D6}.Release|Any CPU.Build.0 = Release|Any CPU
		{F5D0D0C8-26DD-4707-A513-904C607F60D6}.Release|x64.ActiveCfg = Release|Any CPU
		{F5D0D0C8-26DD-4707-A513-904C607F60D6}.Release|x64.Build.0 = Release|Any CPU
		{F5D0D0C8-26DD-4707-A513-904C607F60D6}.Release|x86.ActiveCfg = Release|x86
		{F5D0D0C8-26DD-4707-A513-904C607F60D6}.Release|x86.Build.0 = Release|x86
		{65BA8E83-6E2A-411B-8D1B-9F00627370AB}.Debug|Any CPU.ActiveCfg = Debug|Any CPU
		{65BA8E83-6E2A-411B-8D1B-9F00627370AB}.Debug|Any CPU.Build.0 = Debug|Any CPU
		{65BA8E83-6E2A-411B-8D1B-9F00627370AB}.Debug|x64.ActiveCfg = Debug|Any CPU
		{65BA8E83-6E2A-411B-8D1B-9F00627370AB}.Debug|x64.Build.0 = Debug|Any CPU
		{65BA8E83-6E2A-411B-8D1B-9F00627370AB}.Debug|x86.ActiveCfg = Debug|x86
		{65BA8E83-6E2A-411B-8D1B-9F00627370AB}.Debug|x86.Build.0 = Debug|x86
		{65BA8E83-6E2A-411B-8D1B-9F00627370AB}.Release|Any CPU.ActiveCfg = Release|Any CPU
		{65BA8E83-6E2A-411B-8D1B-9F00627370AB}.Release|Any CPU.Build.0 = Release|Any CPU
		{65BA8E83-6E2A-411B-8D1B-9F00627370AB}.Release|x64.ActiveCfg = Release|Any CPU
		{65BA8E83-6E2A-411B-8D1B-9F00627370AB}.Release|x64.Build.0 = Release|Any CPU
		{65BA8E83-6E2A-411B-8D1B-9F00627370AB}.Release|x86.ActiveCfg = Release|x86
		{65BA8E83-6E2A-411B-8D1B-9F00627370AB}.Release|x86.Build.0 = Release|x86
		{15A245AD-EC02-481B-B558-DCC4D7B7D41E}.Debug|Any CPU.ActiveCfg = Debug|Any CPU
		{15A245AD-EC02-481B-B558-DCC4D7B7D41E}.Debug|Any CPU.Build.0 = Debug|Any CPU
		{15A245AD-EC02-481B-B558-DCC4D7B7D41E}.Debug|x64.ActiveCfg = Debug|Any CPU
		{15A245AD-EC02-481B-B558-DCC4D7B7D41E}.Debug|x64.Build.0 = Debug|Any CPU
		{15A245AD-EC02-481B-B558-DCC4D7B7D41E}.Debug|x86.ActiveCfg = Debug|x86
		{15A245AD-EC02-481B-B558-DCC4D7B7D41E}.Debug|x86.Build.0 = Debug|x86
		{15A245AD-EC02-481B-B558-DCC4D7B7D41E}.Release|Any CPU.ActiveCfg = Release|Any CPU
		{15A245AD-EC02-481B-B558-DCC4D7B7D41E}.Release|Any CPU.Build.0 = Release|Any CPU
		{15A245AD-EC02-481B-B558-DCC4D7B7D41E}.Release|x64.ActiveCfg = Release|Any CPU
		{15A245AD-EC02-481B-B558-DCC4D7B7D41E}.Release|x64.Build.0 = Release|Any CPU
		{15A245AD-EC02-481B-B558-DCC4D7B7D41E}.Release|x86.ActiveCfg = Release|x86
		{15A245AD-EC02-481B-B558-DCC4D7B7D41E}.Release|x86.Build.0 = Release|x86
		{DE01A980-4519-40D3-84EA-9A9BD9C81F2B}.Debug|Any CPU.ActiveCfg = Debug|Any CPU
		{DE01A980-4519-40D3-84EA-9A9BD9C81F2B}.Debug|Any CPU.Build.0 = Debug|Any CPU
		{DE01A980-4519-40D3-84EA-9A9BD9C81F2B}.Debug|x64.ActiveCfg = Debug|Any CPU
		{DE01A980-4519-40D3-84EA-9A9BD9C81F2B}.Debug|x64.Build.0 = Debug|Any CPU
		{DE01A980-4519-40D3-84EA-9A9BD9C81F2B}.Debug|x86.ActiveCfg = Debug|x86
		{DE01A980-4519-40D3-84EA-9A9BD9C81F2B}.Debug|x86.Build.0 = Debug|x86
		{DE01A980-4519-40D3-84EA-9A9BD9C81F2B}.Release|Any CPU.ActiveCfg = Release|Any CPU
		{DE01A980-4519-40D3-84EA-9A9BD9C81F2B}.Release|Any CPU.Build.0 = Release|Any CPU
		{DE01A980-4519-40D3-84EA-9A9BD9C81F2B}.Release|x64.ActiveCfg = Release|Any CPU
		{DE01A980-4519-40D3-84EA-9A9BD9C81F2B}.Release|x64.Build.0 = Release|Any CPU
		{DE01A980-4519-40D3-84EA-9A9BD9C81F2B}.Release|x86.ActiveCfg = Release|x86
		{DE01A980-4519-40D3-84EA-9A9BD9C81F2B}.Release|x86.Build.0 = Release|x86
		{F8140D7B-DBFC-43A1-85B0-C2A671AEA483}.Debug|Any CPU.ActiveCfg = Debug|Any CPU
		{F8140D7B-DBFC-43A1-85B0-C2A671AEA483}.Debug|Any CPU.Build.0 = Debug|Any CPU
		{F8140D7B-DBFC-43A1-85B0-C2A671AEA483}.Debug|x64.ActiveCfg = Debug|Any CPU
		{F8140D7B-DBFC-43A1-85B0-C2A671AEA483}.Debug|x64.Build.0 = Debug|Any CPU
		{F8140D7B-DBFC-43A1-85B0-C2A671AEA483}.Debug|x86.ActiveCfg = Debug|x86
		{F8140D7B-DBFC-43A1-85B0-C2A671AEA483}.Debug|x86.Build.0 = Debug|x86
		{F8140D7B-DBFC-43A1-85B0-C2A671AEA483}.Release|Any CPU.ActiveCfg = Release|Any CPU
		{F8140D7B-DBFC-43A1-85B0-C2A671AEA483}.Release|Any CPU.Build.0 = Release|Any CPU
		{F8140D7B-DBFC-43A1-85B0-C2A671AEA483}.Release|x64.ActiveCfg = Release|Any CPU
		{F8140D7B-DBFC-43A1-85B0-C2A671AEA483}.Release|x64.Build.0 = Release|Any CPU
		{F8140D7B-DBFC-43A1-85B0-C2A671AEA483}.Release|x86.ActiveCfg = Release|x86
		{F8140D7B-DBFC-43A1-85B0-C2A671AEA483}.Release|x86.Build.0 = Release|x86
		{B024C0A7-7EF8-48DB-A42F-EB318F8A2DE5}.Debug|Any CPU.ActiveCfg = Debug|Any CPU
		{B024C0A7-7EF8-48DB-A42F-EB318F8A2DE5}.Debug|Any CPU.Build.0 = Debug|Any CPU
		{B024C0A7-7EF8-48DB-A42F-EB318F8A2DE5}.Debug|x64.ActiveCfg = Debug|Any CPU
		{B024C0A7-7EF8-48DB-A42F-EB318F8A2DE5}.Debug|x64.Build.0 = Debug|Any CPU
		{B024C0A7-7EF8-48DB-A42F-EB318F8A2DE5}.Debug|x86.ActiveCfg = Debug|x86
		{B024C0A7-7EF8-48DB-A42F-EB318F8A2DE5}.Debug|x86.Build.0 = Debug|x86
		{B024C0A7-7EF8-48DB-A42F-EB318F8A2DE5}.Release|Any CPU.ActiveCfg = Release|Any CPU
		{B024C0A7-7EF8-48DB-A42F-EB318F8A2DE5}.Release|Any CPU.Build.0 = Release|Any CPU
		{B024C0A7-7EF8-48DB-A42F-EB318F8A2DE5}.Release|x64.ActiveCfg = Release|Any CPU
		{B024C0A7-7EF8-48DB-A42F-EB318F8A2DE5}.Release|x64.Build.0 = Release|Any CPU
		{B024C0A7-7EF8-48DB-A42F-EB318F8A2DE5}.Release|x86.ActiveCfg = Release|x86
		{B024C0A7-7EF8-48DB-A42F-EB318F8A2DE5}.Release|x86.Build.0 = Release|x86
		{E7F59048-976C-45EE-A82F-20C0ADE7927D}.Debug|Any CPU.ActiveCfg = Debug|Any CPU
		{E7F59048-976C-45EE-A82F-20C0ADE7927D}.Debug|Any CPU.Build.0 = Debug|Any CPU
		{E7F59048-976C-45EE-A82F-20C0ADE7927D}.Debug|x64.ActiveCfg = Debug|Any CPU
		{E7F59048-976C-45EE-A82F-20C0ADE7927D}.Debug|x64.Build.0 = Debug|Any CPU
		{E7F59048-976C-45EE-A82F-20C0ADE7927D}.Debug|x86.ActiveCfg = Debug|x86
		{E7F59048-976C-45EE-A82F-20C0ADE7927D}.Debug|x86.Build.0 = Debug|x86
		{E7F59048-976C-45EE-A82F-20C0ADE7927D}.Release|Any CPU.ActiveCfg = Release|Any CPU
		{E7F59048-976C-45EE-A82F-20C0ADE7927D}.Release|Any CPU.Build.0 = Release|Any CPU
		{E7F59048-976C-45EE-A82F-20C0ADE7927D}.Release|x64.ActiveCfg = Release|Any CPU
		{E7F59048-976C-45EE-A82F-20C0ADE7927D}.Release|x64.Build.0 = Release|Any CPU
		{E7F59048-976C-45EE-A82F-20C0ADE7927D}.Release|x86.ActiveCfg = Release|x86
		{E7F59048-976C-45EE-A82F-20C0ADE7927D}.Release|x86.Build.0 = Release|x86
		{B4FA8745-B94F-43B4-82C5-31CF3B694692}.Debug|Any CPU.ActiveCfg = Debug|Any CPU
		{B4FA8745-B94F-43B4-82C5-31CF3B694692}.Debug|Any CPU.Build.0 = Debug|Any CPU
		{B4FA8745-B94F-43B4-82C5-31CF3B694692}.Debug|x64.ActiveCfg = Debug|Any CPU
		{B4FA8745-B94F-43B4-82C5-31CF3B694692}.Debug|x64.Build.0 = Debug|Any CPU
		{B4FA8745-B94F-43B4-82C5-31CF3B694692}.Debug|x86.ActiveCfg = Debug|x86
		{B4FA8745-B94F-43B4-82C5-31CF3B694692}.Debug|x86.Build.0 = Debug|x86
		{B4FA8745-B94F-43B4-82C5-31CF3B694692}.Release|Any CPU.ActiveCfg = Release|Any CPU
		{B4FA8745-B94F-43B4-82C5-31CF3B694692}.Release|Any CPU.Build.0 = Release|Any CPU
		{B4FA8745-B94F-43B4-82C5-31CF3B694692}.Release|x64.ActiveCfg = Release|Any CPU
		{B4FA8745-B94F-43B4-82C5-31CF3B694692}.Release|x64.Build.0 = Release|Any CPU
		{B4FA8745-B94F-43B4-82C5-31CF3B694692}.Release|x86.ActiveCfg = Release|x86
		{B4FA8745-B94F-43B4-82C5-31CF3B694692}.Release|x86.Build.0 = Release|x86
		{78AABBF0-2CDC-42D4-9297-F6BAB618CF0B}.Debug|Any CPU.ActiveCfg = Debug|Any CPU
		{78AABBF0-2CDC-42D4-9297-F6BAB618CF0B}.Debug|Any CPU.Build.0 = Debug|Any CPU
		{78AABBF0-2CDC-42D4-9297-F6BAB618CF0B}.Debug|x64.ActiveCfg = Debug|Any CPU
		{78AABBF0-2CDC-42D4-9297-F6BAB618CF0B}.Debug|x64.Build.0 = Debug|Any CPU
		{78AABBF0-2CDC-42D4-9297-F6BAB618CF0B}.Debug|x86.ActiveCfg = Debug|x86
		{78AABBF0-2CDC-42D4-9297-F6BAB618CF0B}.Debug|x86.Build.0 = Debug|x86
		{78AABBF0-2CDC-42D4-9297-F6BAB618CF0B}.Release|Any CPU.ActiveCfg = Release|Any CPU
		{78AABBF0-2CDC-42D4-9297-F6BAB618CF0B}.Release|Any CPU.Build.0 = Release|Any CPU
		{78AABBF0-2CDC-42D4-9297-F6BAB618CF0B}.Release|x64.ActiveCfg = Release|Any CPU
		{78AABBF0-2CDC-42D4-9297-F6BAB618CF0B}.Release|x64.Build.0 = Release|Any CPU
		{78AABBF0-2CDC-42D4-9297-F6BAB618CF0B}.Release|x86.ActiveCfg = Release|x86
		{78AABBF0-2CDC-42D4-9297-F6BAB618CF0B}.Release|x86.Build.0 = Release|x86
		{688C187E-378B-4A8C-BCF9-1BD5C20F4A69}.Debug|Any CPU.ActiveCfg = Debug|Any CPU
		{688C187E-378B-4A8C-BCF9-1BD5C20F4A69}.Debug|Any CPU.Build.0 = Debug|Any CPU
		{688C187E-378B-4A8C-BCF9-1BD5C20F4A69}.Debug|x64.ActiveCfg = Debug|Any CPU
		{688C187E-378B-4A8C-BCF9-1BD5C20F4A69}.Debug|x64.Build.0 = Debug|Any CPU
		{688C187E-378B-4A8C-BCF9-1BD5C20F4A69}.Debug|x86.ActiveCfg = Debug|x86
		{688C187E-378B-4A8C-BCF9-1BD5C20F4A69}.Debug|x86.Build.0 = Debug|x86
		{688C187E-378B-4A8C-BCF9-1BD5C20F4A69}.Release|Any CPU.ActiveCfg = Release|Any CPU
		{688C187E-378B-4A8C-BCF9-1BD5C20F4A69}.Release|Any CPU.Build.0 = Release|Any CPU
		{688C187E-378B-4A8C-BCF9-1BD5C20F4A69}.Release|x64.ActiveCfg = Release|Any CPU
		{688C187E-378B-4A8C-BCF9-1BD5C20F4A69}.Release|x64.Build.0 = Release|Any CPU
		{688C187E-378B-4A8C-BCF9-1BD5C20F4A69}.Release|x86.ActiveCfg = Release|x86
		{688C187E-378B-4A8C-BCF9-1BD5C20F4A69}.Release|x86.Build.0 = Release|x86
		{F017FF60-34BB-4D22-AFD2-6992DADE5576}.Debug|Any CPU.ActiveCfg = Debug|Any CPU
		{F017FF60-34BB-4D22-AFD2-6992DADE5576}.Debug|Any CPU.Build.0 = Debug|Any CPU
		{F017FF60-34BB-4D22-AFD2-6992DADE5576}.Debug|x64.ActiveCfg = Debug|Any CPU
		{F017FF60-34BB-4D22-AFD2-6992DADE5576}.Debug|x64.Build.0 = Debug|Any CPU
		{F017FF60-34BB-4D22-AFD2-6992DADE5576}.Debug|x86.ActiveCfg = Debug|x86
		{F017FF60-34BB-4D22-AFD2-6992DADE5576}.Debug|x86.Build.0 = Debug|x86
		{F017FF60-34BB-4D22-AFD2-6992DADE5576}.Release|Any CPU.ActiveCfg = Release|Any CPU
		{F017FF60-34BB-4D22-AFD2-6992DADE5576}.Release|Any CPU.Build.0 = Release|Any CPU
		{F017FF60-34BB-4D22-AFD2-6992DADE5576}.Release|x64.ActiveCfg = Release|Any CPU
		{F017FF60-34BB-4D22-AFD2-6992DADE5576}.Release|x64.Build.0 = Release|Any CPU
		{F017FF60-34BB-4D22-AFD2-6992DADE5576}.Release|x86.ActiveCfg = Release|x86
		{F017FF60-34BB-4D22-AFD2-6992DADE5576}.Release|x86.Build.0 = Release|x86
		{553BE8BA-E711-4794-AF75-F6D34AFCCA2D}.Debug|Any CPU.ActiveCfg = Debug|Any CPU
		{553BE8BA-E711-4794-AF75-F6D34AFCCA2D}.Debug|Any CPU.Build.0 = Debug|Any CPU
		{553BE8BA-E711-4794-AF75-F6D34AFCCA2D}.Debug|x64.ActiveCfg = Debug|Any CPU
		{553BE8BA-E711-4794-AF75-F6D34AFCCA2D}.Debug|x64.Build.0 = Debug|Any CPU
		{553BE8BA-E711-4794-AF75-F6D34AFCCA2D}.Debug|x86.ActiveCfg = Debug|x86
		{553BE8BA-E711-4794-AF75-F6D34AFCCA2D}.Debug|x86.Build.0 = Debug|x86
		{553BE8BA-E711-4794-AF75-F6D34AFCCA2D}.Release|Any CPU.ActiveCfg = Release|Any CPU
		{553BE8BA-E711-4794-AF75-F6D34AFCCA2D}.Release|Any CPU.Build.0 = Release|Any CPU
		{553BE8BA-E711-4794-AF75-F6D34AFCCA2D}.Release|x64.ActiveCfg = Release|Any CPU
		{553BE8BA-E711-4794-AF75-F6D34AFCCA2D}.Release|x64.Build.0 = Release|Any CPU
		{553BE8BA-E711-4794-AF75-F6D34AFCCA2D}.Release|x86.ActiveCfg = Release|x86
		{553BE8BA-E711-4794-AF75-F6D34AFCCA2D}.Release|x86.Build.0 = Release|x86
		{456D30D0-A252-4CA0-9B1F-D887B6165A9F}.Debug|Any CPU.ActiveCfg = Debug|Any CPU
		{456D30D0-A252-4CA0-9B1F-D887B6165A9F}.Debug|Any CPU.Build.0 = Debug|Any CPU
		{456D30D0-A252-4CA0-9B1F-D887B6165A9F}.Debug|x64.ActiveCfg = Debug|Any CPU
		{456D30D0-A252-4CA0-9B1F-D887B6165A9F}.Debug|x64.Build.0 = Debug|Any CPU
		{456D30D0-A252-4CA0-9B1F-D887B6165A9F}.Debug|x86.ActiveCfg = Debug|x86
		{456D30D0-A252-4CA0-9B1F-D887B6165A9F}.Debug|x86.Build.0 = Debug|x86
		{456D30D0-A252-4CA0-9B1F-D887B6165A9F}.Release|Any CPU.ActiveCfg = Release|Any CPU
		{456D30D0-A252-4CA0-9B1F-D887B6165A9F}.Release|Any CPU.Build.0 = Release|Any CPU
		{456D30D0-A252-4CA0-9B1F-D887B6165A9F}.Release|x64.ActiveCfg = Release|Any CPU
		{456D30D0-A252-4CA0-9B1F-D887B6165A9F}.Release|x64.Build.0 = Release|Any CPU
		{456D30D0-A252-4CA0-9B1F-D887B6165A9F}.Release|x86.ActiveCfg = Release|x86
		{456D30D0-A252-4CA0-9B1F-D887B6165A9F}.Release|x86.Build.0 = Release|x86
		{B3C83859-F3F5-495E-AF96-701B1EF8148A}.Debug|Any CPU.ActiveCfg = Debug|Any CPU
		{B3C83859-F3F5-495E-AF96-701B1EF8148A}.Debug|Any CPU.Build.0 = Debug|Any CPU
		{B3C83859-F3F5-495E-AF96-701B1EF8148A}.Debug|x64.ActiveCfg = Debug|Any CPU
		{B3C83859-F3F5-495E-AF96-701B1EF8148A}.Debug|x64.Build.0 = Debug|Any CPU
		{B3C83859-F3F5-495E-AF96-701B1EF8148A}.Debug|x86.ActiveCfg = Debug|x86
		{B3C83859-F3F5-495E-AF96-701B1EF8148A}.Debug|x86.Build.0 = Debug|x86
		{B3C83859-F3F5-495E-AF96-701B1EF8148A}.Release|Any CPU.ActiveCfg = Release|Any CPU
		{B3C83859-F3F5-495E-AF96-701B1EF8148A}.Release|Any CPU.Build.0 = Release|Any CPU
		{B3C83859-F3F5-495E-AF96-701B1EF8148A}.Release|x64.ActiveCfg = Release|Any CPU
		{B3C83859-F3F5-495E-AF96-701B1EF8148A}.Release|x64.Build.0 = Release|Any CPU
		{B3C83859-F3F5-495E-AF96-701B1EF8148A}.Release|x86.ActiveCfg = Release|x86
		{B3C83859-F3F5-495E-AF96-701B1EF8148A}.Release|x86.Build.0 = Release|x86
		{D2CCA1B6-76A0-42A0-AF42-39D22B11AD44}.Debug|Any CPU.ActiveCfg = Debug|Any CPU
		{D2CCA1B6-76A0-42A0-AF42-39D22B11AD44}.Debug|Any CPU.Build.0 = Debug|Any CPU
		{D2CCA1B6-76A0-42A0-AF42-39D22B11AD44}.Debug|x64.ActiveCfg = Debug|Any CPU
		{D2CCA1B6-76A0-42A0-AF42-39D22B11AD44}.Debug|x64.Build.0 = Debug|Any CPU
		{D2CCA1B6-76A0-42A0-AF42-39D22B11AD44}.Debug|x86.ActiveCfg = Debug|x86
		{D2CCA1B6-76A0-42A0-AF42-39D22B11AD44}.Debug|x86.Build.0 = Debug|x86
		{D2CCA1B6-76A0-42A0-AF42-39D22B11AD44}.Release|Any CPU.ActiveCfg = Release|Any CPU
		{D2CCA1B6-76A0-42A0-AF42-39D22B11AD44}.Release|Any CPU.Build.0 = Release|Any CPU
		{D2CCA1B6-76A0-42A0-AF42-39D22B11AD44}.Release|x64.ActiveCfg = Release|Any CPU
		{D2CCA1B6-76A0-42A0-AF42-39D22B11AD44}.Release|x64.Build.0 = Release|Any CPU
		{D2CCA1B6-76A0-42A0-AF42-39D22B11AD44}.Release|x86.ActiveCfg = Release|x86
		{D2CCA1B6-76A0-42A0-AF42-39D22B11AD44}.Release|x86.Build.0 = Release|x86
		{D3EBC8C6-0D11-4B5D-9062-458A647CE8FB}.Debug|Any CPU.ActiveCfg = Debug|Any CPU
		{D3EBC8C6-0D11-4B5D-9062-458A647CE8FB}.Debug|Any CPU.Build.0 = Debug|Any CPU
		{D3EBC8C6-0D11-4B5D-9062-458A647CE8FB}.Debug|x64.ActiveCfg = Debug|Any CPU
		{D3EBC8C6-0D11-4B5D-9062-458A647CE8FB}.Debug|x64.Build.0 = Debug|Any CPU
		{D3EBC8C6-0D11-4B5D-9062-458A647CE8FB}.Debug|x86.ActiveCfg = Debug|x86
		{D3EBC8C6-0D11-4B5D-9062-458A647CE8FB}.Debug|x86.Build.0 = Debug|x86
		{D3EBC8C6-0D11-4B5D-9062-458A647CE8FB}.Release|Any CPU.ActiveCfg = Release|Any CPU
		{D3EBC8C6-0D11-4B5D-9062-458A647CE8FB}.Release|Any CPU.Build.0 = Release|Any CPU
		{D3EBC8C6-0D11-4B5D-9062-458A647CE8FB}.Release|x64.ActiveCfg = Release|Any CPU
		{D3EBC8C6-0D11-4B5D-9062-458A647CE8FB}.Release|x64.Build.0 = Release|Any CPU
		{D3EBC8C6-0D11-4B5D-9062-458A647CE8FB}.Release|x86.ActiveCfg = Release|x86
		{D3EBC8C6-0D11-4B5D-9062-458A647CE8FB}.Release|x86.Build.0 = Release|x86
		{FC2B96BE-19D7-49F3-BBFB-A841179120C4}.Debug|Any CPU.ActiveCfg = Debug|x64
		{FC2B96BE-19D7-49F3-BBFB-A841179120C4}.Debug|Any CPU.Build.0 = Debug|x64
		{FC2B96BE-19D7-49F3-BBFB-A841179120C4}.Debug|x64.ActiveCfg = Debug|x64
		{FC2B96BE-19D7-49F3-BBFB-A841179120C4}.Debug|x64.Build.0 = Debug|x64
		{FC2B96BE-19D7-49F3-BBFB-A841179120C4}.Debug|x86.ActiveCfg = Debug|x86
		{FC2B96BE-19D7-49F3-BBFB-A841179120C4}.Debug|x86.Build.0 = Debug|x86
		{FC2B96BE-19D7-49F3-BBFB-A841179120C4}.Release|Any CPU.ActiveCfg = Release|x64
		{FC2B96BE-19D7-49F3-BBFB-A841179120C4}.Release|Any CPU.Build.0 = Release|x64
		{FC2B96BE-19D7-49F3-BBFB-A841179120C4}.Release|x64.ActiveCfg = Release|x64
		{FC2B96BE-19D7-49F3-BBFB-A841179120C4}.Release|x64.Build.0 = Release|x64
		{FC2B96BE-19D7-49F3-BBFB-A841179120C4}.Release|x86.ActiveCfg = Release|x86
		{FC2B96BE-19D7-49F3-BBFB-A841179120C4}.Release|x86.Build.0 = Release|x86
		{235D4E27-2EDF-4297-97EC-5EFD87A2EE3F}.Debug|Any CPU.ActiveCfg = Debug|Any CPU
		{235D4E27-2EDF-4297-97EC-5EFD87A2EE3F}.Debug|Any CPU.Build.0 = Debug|Any CPU
		{235D4E27-2EDF-4297-97EC-5EFD87A2EE3F}.Debug|x64.ActiveCfg = Debug|Any CPU
		{235D4E27-2EDF-4297-97EC-5EFD87A2EE3F}.Debug|x64.Build.0 = Debug|Any CPU
		{235D4E27-2EDF-4297-97EC-5EFD87A2EE3F}.Debug|x86.ActiveCfg = Debug|x86
		{235D4E27-2EDF-4297-97EC-5EFD87A2EE3F}.Debug|x86.Build.0 = Debug|x86
		{235D4E27-2EDF-4297-97EC-5EFD87A2EE3F}.Release|Any CPU.ActiveCfg = Release|Any CPU
		{235D4E27-2EDF-4297-97EC-5EFD87A2EE3F}.Release|Any CPU.Build.0 = Release|Any CPU
		{235D4E27-2EDF-4297-97EC-5EFD87A2EE3F}.Release|x64.ActiveCfg = Release|Any CPU
		{235D4E27-2EDF-4297-97EC-5EFD87A2EE3F}.Release|x64.Build.0 = Release|Any CPU
		{235D4E27-2EDF-4297-97EC-5EFD87A2EE3F}.Release|x86.ActiveCfg = Release|x86
		{235D4E27-2EDF-4297-97EC-5EFD87A2EE3F}.Release|x86.Build.0 = Release|x86
		{34953D90-9E3F-4A20-9704-2F5CAA6495F0}.Debug|Any CPU.ActiveCfg = Debug|Any CPU
		{34953D90-9E3F-4A20-9704-2F5CAA6495F0}.Debug|Any CPU.Build.0 = Debug|Any CPU
		{34953D90-9E3F-4A20-9704-2F5CAA6495F0}.Debug|x64.ActiveCfg = Debug|Any CPU
		{34953D90-9E3F-4A20-9704-2F5CAA6495F0}.Debug|x64.Build.0 = Debug|Any CPU
		{34953D90-9E3F-4A20-9704-2F5CAA6495F0}.Debug|x86.ActiveCfg = Debug|x86
		{34953D90-9E3F-4A20-9704-2F5CAA6495F0}.Debug|x86.Build.0 = Debug|x86
		{34953D90-9E3F-4A20-9704-2F5CAA6495F0}.Release|Any CPU.ActiveCfg = Release|Any CPU
		{34953D90-9E3F-4A20-9704-2F5CAA6495F0}.Release|Any CPU.Build.0 = Release|Any CPU
		{34953D90-9E3F-4A20-9704-2F5CAA6495F0}.Release|x64.ActiveCfg = Release|Any CPU
		{34953D90-9E3F-4A20-9704-2F5CAA6495F0}.Release|x64.Build.0 = Release|Any CPU
		{34953D90-9E3F-4A20-9704-2F5CAA6495F0}.Release|x86.ActiveCfg = Release|x86
		{34953D90-9E3F-4A20-9704-2F5CAA6495F0}.Release|x86.Build.0 = Release|x86
		{C1791E2D-DD9F-4F15-A3AB-00C446588D6F}.Debug|Any CPU.ActiveCfg = Debug|Any CPU
		{C1791E2D-DD9F-4F15-A3AB-00C446588D6F}.Debug|Any CPU.Build.0 = Debug|Any CPU
		{C1791E2D-DD9F-4F15-A3AB-00C446588D6F}.Debug|x64.ActiveCfg = Debug|Any CPU
		{C1791E2D-DD9F-4F15-A3AB-00C446588D6F}.Debug|x64.Build.0 = Debug|Any CPU
		{C1791E2D-DD9F-4F15-A3AB-00C446588D6F}.Debug|x86.ActiveCfg = Debug|x86
		{C1791E2D-DD9F-4F15-A3AB-00C446588D6F}.Debug|x86.Build.0 = Debug|x86
		{C1791E2D-DD9F-4F15-A3AB-00C446588D6F}.Release|Any CPU.ActiveCfg = Release|Any CPU
		{C1791E2D-DD9F-4F15-A3AB-00C446588D6F}.Release|Any CPU.Build.0 = Release|Any CPU
		{C1791E2D-DD9F-4F15-A3AB-00C446588D6F}.Release|x64.ActiveCfg = Release|Any CPU
		{C1791E2D-DD9F-4F15-A3AB-00C446588D6F}.Release|x64.Build.0 = Release|Any CPU
		{C1791E2D-DD9F-4F15-A3AB-00C446588D6F}.Release|x86.ActiveCfg = Release|x86
		{C1791E2D-DD9F-4F15-A3AB-00C446588D6F}.Release|x86.Build.0 = Release|x86
		{169BF29B-1FAF-4C87-BA03-8E880484C57F}.Debug|Any CPU.ActiveCfg = Debug|Any CPU
		{169BF29B-1FAF-4C87-BA03-8E880484C57F}.Debug|Any CPU.Build.0 = Debug|Any CPU
		{169BF29B-1FAF-4C87-BA03-8E880484C57F}.Debug|x64.ActiveCfg = Debug|Any CPU
		{169BF29B-1FAF-4C87-BA03-8E880484C57F}.Debug|x64.Build.0 = Debug|Any CPU
		{169BF29B-1FAF-4C87-BA03-8E880484C57F}.Debug|x86.ActiveCfg = Debug|x86
		{169BF29B-1FAF-4C87-BA03-8E880484C57F}.Debug|x86.Build.0 = Debug|x86
		{169BF29B-1FAF-4C87-BA03-8E880484C57F}.Release|Any CPU.ActiveCfg = Release|Any CPU
		{169BF29B-1FAF-4C87-BA03-8E880484C57F}.Release|Any CPU.Build.0 = Release|Any CPU
		{169BF29B-1FAF-4C87-BA03-8E880484C57F}.Release|x64.ActiveCfg = Release|Any CPU
		{169BF29B-1FAF-4C87-BA03-8E880484C57F}.Release|x64.Build.0 = Release|Any CPU
		{169BF29B-1FAF-4C87-BA03-8E880484C57F}.Release|x86.ActiveCfg = Release|x86
		{169BF29B-1FAF-4C87-BA03-8E880484C57F}.Release|x86.Build.0 = Release|x86
		{8B0FD138-B3D0-4079-A703-E6C430944CDD}.Debug|Any CPU.ActiveCfg = Debug|Any CPU
		{8B0FD138-B3D0-4079-A703-E6C430944CDD}.Debug|Any CPU.Build.0 = Debug|Any CPU
		{8B0FD138-B3D0-4079-A703-E6C430944CDD}.Debug|x64.ActiveCfg = Debug|Any CPU
		{8B0FD138-B3D0-4079-A703-E6C430944CDD}.Debug|x64.Build.0 = Debug|Any CPU
		{8B0FD138-B3D0-4079-A703-E6C430944CDD}.Debug|x86.ActiveCfg = Debug|x86
		{8B0FD138-B3D0-4079-A703-E6C430944CDD}.Debug|x86.Build.0 = Debug|x86
		{8B0FD138-B3D0-4079-A703-E6C430944CDD}.Release|Any CPU.ActiveCfg = Release|Any CPU
		{8B0FD138-B3D0-4079-A703-E6C430944CDD}.Release|Any CPU.Build.0 = Release|Any CPU
		{8B0FD138-B3D0-4079-A703-E6C430944CDD}.Release|x64.ActiveCfg = Release|Any CPU
		{8B0FD138-B3D0-4079-A703-E6C430944CDD}.Release|x64.Build.0 = Release|Any CPU
		{8B0FD138-B3D0-4079-A703-E6C430944CDD}.Release|x86.ActiveCfg = Release|x86
		{8B0FD138-B3D0-4079-A703-E6C430944CDD}.Release|x86.Build.0 = Release|x86
		{37C9E34B-B4C0-4FEF-A277-67E824A4D365}.Debug|Any CPU.ActiveCfg = Debug|Any CPU
		{37C9E34B-B4C0-4FEF-A277-67E824A4D365}.Debug|Any CPU.Build.0 = Debug|Any CPU
		{37C9E34B-B4C0-4FEF-A277-67E824A4D365}.Debug|x64.ActiveCfg = Debug|Any CPU
		{37C9E34B-B4C0-4FEF-A277-67E824A4D365}.Debug|x64.Build.0 = Debug|Any CPU
		{37C9E34B-B4C0-4FEF-A277-67E824A4D365}.Debug|x86.ActiveCfg = Debug|x86
		{37C9E34B-B4C0-4FEF-A277-67E824A4D365}.Debug|x86.Build.0 = Debug|x86
		{37C9E34B-B4C0-4FEF-A277-67E824A4D365}.Release|Any CPU.ActiveCfg = Release|Any CPU
		{37C9E34B-B4C0-4FEF-A277-67E824A4D365}.Release|Any CPU.Build.0 = Release|Any CPU
		{37C9E34B-B4C0-4FEF-A277-67E824A4D365}.Release|x64.ActiveCfg = Release|Any CPU
		{37C9E34B-B4C0-4FEF-A277-67E824A4D365}.Release|x64.Build.0 = Release|Any CPU
		{37C9E34B-B4C0-4FEF-A277-67E824A4D365}.Release|x86.ActiveCfg = Release|x86
		{37C9E34B-B4C0-4FEF-A277-67E824A4D365}.Release|x86.Build.0 = Release|x86
		{ABA02804-0794-4F49-8B55-FA0494C5DC38}.Debug|Any CPU.ActiveCfg = Debug|Any CPU
		{ABA02804-0794-4F49-8B55-FA0494C5DC38}.Debug|Any CPU.Build.0 = Debug|Any CPU
		{ABA02804-0794-4F49-8B55-FA0494C5DC38}.Debug|x64.ActiveCfg = Debug|Any CPU
		{ABA02804-0794-4F49-8B55-FA0494C5DC38}.Debug|x64.Build.0 = Debug|Any CPU
		{ABA02804-0794-4F49-8B55-FA0494C5DC38}.Debug|x86.ActiveCfg = Debug|x86
		{ABA02804-0794-4F49-8B55-FA0494C5DC38}.Debug|x86.Build.0 = Debug|x86
		{ABA02804-0794-4F49-8B55-FA0494C5DC38}.Release|Any CPU.ActiveCfg = Release|Any CPU
		{ABA02804-0794-4F49-8B55-FA0494C5DC38}.Release|Any CPU.Build.0 = Release|Any CPU
		{ABA02804-0794-4F49-8B55-FA0494C5DC38}.Release|x64.ActiveCfg = Release|Any CPU
		{ABA02804-0794-4F49-8B55-FA0494C5DC38}.Release|x64.Build.0 = Release|Any CPU
		{ABA02804-0794-4F49-8B55-FA0494C5DC38}.Release|x86.ActiveCfg = Release|x86
		{ABA02804-0794-4F49-8B55-FA0494C5DC38}.Release|x86.Build.0 = Release|x86
	EndGlobalSection
	GlobalSection(SolutionProperties) = preSolution
		HideSolutionNode = FALSE
	EndGlobalSection
EndGlobal
